
Microsoft Visual Studio Solution File, Format Version 12.00
# Visual Studio Version 17
VisualStudioVersion = 17.8.34309.116
MinimumVisualStudioVersion = 10.0.40219.1
Project("{FAE04EC0-301F-11D3-BF4B-00C04F79EFBC}") = "Series", "Series\Series.csproj", "{5C62D8EA-A90C-4E8F-874A-79673F74E7D9}"
EndProject
Global
	GlobalSection(SolutionConfigurationPlatforms) = preSolution
		Debug|Any CPU = Debug|Any CPU
		Release|Any CPU = Release|Any CPU
	EndGlobalSection
	GlobalSection(ProjectConfigurationPlatforms) = postSolution
		{5C62D8EA-A90C-4E8F-874A-79673F74E7D9}.Debug|Any CPU.ActiveCfg = Debug|Any CPU
		{5C62D8EA-A90C-4E8F-874A-79673F74E7D9}.Debug|Any CPU.Build.0 = Debug|Any CPU
		{5C62D8EA-A90C-4E8F-874A-79673F74E7D9}.Release|Any CPU.ActiveCfg = Release|Any CPU
		{5C62D8EA-A90C-4E8F-874A-79673F74E7D9}.Release|Any CPU.Build.0 = Release|Any CPU
	EndGlobalSection
	GlobalSection(SolutionProperties) = preSolution
		HideSolutionNode = FALSE
	EndGlobalSection
	GlobalSection(ExtensibilityGlobals) = postSolution
		SolutionGuid = {A3F54404-19C7-4DAA-8541-B411F9D24D25}
	EndGlobalSection
EndGlobal
